
Microsoft Visual Studio Solution File, Format Version 12.00
# Visual Studio Version 17
VisualStudioVersion = 17.7.34024.191
MinimumVisualStudioVersion = 10.0.40219.1
Project("{9A19103F-16F7-4668-BE54-9A1E7A4F7556}") = "ScienteficCalculator", "ScienteficCalculator\ScienteficCalculator.csproj", "{8340F6BC-F8AA-46B4-A5A5-BB077F8AA16D}"
EndProject
Project("{9A19103F-16F7-4668-BE54-9A1E7A4F7556}") = "ArithemicOperator", "ArithemicOperator\ArithemicOperator.csproj", "{AB437BC8-D445-4472-82DB-894227832626}"
EndProject
Project("{9A19103F-16F7-4668-BE54-9A1E7A4F7556}") = "ExponentOperator", "ExponentOperator\ExponentOperator.csproj", "{ED46FE87-BFDC-4351-9F42-E01E23AF4C80}"
EndProject
Project("{FAE04EC0-301F-11D3-BF4B-00C04F79EFBC}") = "trigonometry", "trigonometry\trigonometry.csproj", "{9B0E1FFA-46D3-453F-AC76-BC9360AA8979}"
EndProject
Global
	GlobalSection(SolutionConfigurationPlatforms) = preSolution
		Debug|Any CPU = Debug|Any CPU
		Release|Any CPU = Release|Any CPU
	EndGlobalSection
	GlobalSection(ProjectConfigurationPlatforms) = postSolution
		{8340F6BC-F8AA-46B4-A5A5-BB077F8AA16D}.Debug|Any CPU.ActiveCfg = Debug|Any CPU
		{8340F6BC-F8AA-46B4-A5A5-BB077F8AA16D}.Debug|Any CPU.Build.0 = Debug|Any CPU
		{8340F6BC-F8AA-46B4-A5A5-BB077F8AA16D}.Release|Any CPU.ActiveCfg = Release|Any CPU
		{8340F6BC-F8AA-46B4-A5A5-BB077F8AA16D}.Release|Any CPU.Build.0 = Release|Any CPU
		{AB437BC8-D445-4472-82DB-894227832626}.Debug|Any CPU.ActiveCfg = Debug|Any CPU
		{AB437BC8-D445-4472-82DB-894227832626}.Debug|Any CPU.Build.0 = Debug|Any CPU
		{AB437BC8-D445-4472-82DB-894227832626}.Release|Any CPU.ActiveCfg = Release|Any CPU
		{AB437BC8-D445-4472-82DB-894227832626}.Release|Any CPU.Build.0 = Release|Any CPU
		{ED46FE87-BFDC-4351-9F42-E01E23AF4C80}.Debug|Any CPU.ActiveCfg = Debug|Any CPU
		{ED46FE87-BFDC-4351-9F42-E01E23AF4C80}.Debug|Any CPU.Build.0 = Debug|Any CPU
		{ED46FE87-BFDC-4351-9F42-E01E23AF4C80}.Release|Any CPU.ActiveCfg = Release|Any CPU
		{ED46FE87-BFDC-4351-9F42-E01E23AF4C80}.Release|Any CPU.Build.0 = Release|Any CPU
		{9B0E1FFA-46D3-453F-AC76-BC9360AA8979}.Debug|Any CPU.ActiveCfg = Debug|Any CPU
		{9B0E1FFA-46D3-453F-AC76-BC9360AA8979}.Debug|Any CPU.Build.0 = Debug|Any CPU
		{9B0E1FFA-46D3-453F-AC76-BC9360AA8979}.Release|Any CPU.ActiveCfg = Release|Any CPU
		{9B0E1FFA-46D3-453F-AC76-BC9360AA8979}.Release|Any CPU.Build.0 = Release|Any CPU
	EndGlobalSection
	GlobalSection(SolutionProperties) = preSolution
		HideSolutionNode = FALSE
	EndGlobalSection
	GlobalSection(ExtensibilityGlobals) = postSolution
		SolutionGuid = {E0B521EA-C49E-435B-846E-47057EEDCF56}
	EndGlobalSection
EndGlobal
